github.com/goghcrow/go-ansi v1.0.0 h1:wrtmgoHPJeIVxnTxY+rJ47yZXqxFYcuFFAZ67GBNMec=
github.com/goghcrow/go-ast-matcher v0.0.13-0.20240122164752-8b23ddb7d0dc h1:801gohzlQIC8NzOyXneYo3n6z+lhiXFIPJJYM2aHDWY=
github.com/goghcrow/go-ast-matcher v0.0.13-0.20240122164752-8b23ddb7d0dc/go.mod h1:ETBvhixLHIMi4orU0A0Bt5I1p3H5y5tg5hiAtSPnuKQ=
github.com/goghcrow/go-ast-matcher v0.0.13-0.20240130172005-4c2f7da9fc9d h1:H/gwbhNWK3xlWokORRP+QhKJra7Bvm7Frt08Ci4prF4=
github.com/goghcrow/go-ast-matcher v0.0.13-0.20240130172005-4c2f7da9fc9d/go.mod h1:ETBvhixLHIMi4orU0A0Bt5I1p3H5y5tg5hiAtSPnuKQ=
golang.org/x/mod v0.14.0 h1:dGoOF9QVLYng8IHTm7BAyWqCqSheQ5pYWGhzW00YJr0=
golang.org/x/mod v0.14.0/go.mod h1:hTbmBsO62+eylJbnUtE2MGJUyE7QWk4xUqPFrRgJ+7c=
golang.org/x/sync v0.6.0 h1:5BMeUDZ7vkXGfEr1x9B4bRcTH4lpkTkpdh0T/J+qjbQ=
golang.org/x/tools v0.17.0 h1:FvmRgNOcs3kOa+T20R1uhfP9F6HgG2mfxDv1vrx1Htc=
golang.org/x/tools v0.17.0/go.mod h1:xsh6VxdV005rRVaS6SSAf9oiAqljS7UZUacMZ8Bnsps=
